
Microsoft Visual Studio Solution File, Format Version 12.00
# Visual Studio Version 17
VisualStudioVersion = 17.7.34031.279
MinimumVisualStudioVersion = 10.0.40219.1
Project("{FAE04EC0-301F-11D3-BF4B-00C04F79EFBC}") = "MAUISounds", "MAUISounds\MAUISounds.csproj", "{C17F95E8-FF55-4C61-8097-61AA6C560B74}"
EndProject
Global
	GlobalSection(SolutionConfigurationPlatforms) = preSolution
		Debug|Any CPU = Debug|Any CPU
		Release|Any CPU = Release|Any CPU
	EndGlobalSection
	GlobalSection(ProjectConfigurationPlatforms) = postSolution
		{C17F95E8-FF55-4C61-8097-61AA6C560B74}.Debug|Any CPU.ActiveCfg = Debug|Any CPU
		{C17F95E8-FF55-4C61-8097-61AA6C560B74}.Debug|Any CPU.Build.0 = Debug|Any CPU
		{C17F95E8-FF55-4C61-8097-61AA6C560B74}.Debug|Any CPU.Deploy.0 = Debug|Any CPU
		{C17F95E8-FF55-4C61-8097-61AA6C560B74}.Release|Any CPU.ActiveCfg = Release|Any CPU
		{C17F95E8-FF55-4C61-8097-61AA6C560B74}.Release|Any CPU.Build.0 = Release|Any CPU
		{C17F95E8-FF55-4C61-8097-61AA6C560B74}.Release|Any CPU.Deploy.0 = Release|Any CPU
	EndGlobalSection
	GlobalSection(SolutionProperties) = preSolution
		HideSolutionNode = FALSE
	EndGlobalSection
	GlobalSection(ExtensibilityGlobals) = postSolution
		SolutionGuid = {1D7B33B4-9721-4A0F-B528-E777686BAC60}
	EndGlobalSection
EndGlobal
